
Microsoft Visual Studio Solution File, Format Version 12.00
# Visual Studio Version 17
VisualStudioVersion = 17.11.35327.3
MinimumVisualStudioVersion = 10.0.40219.1
Project("{FAE04EC0-301F-11D3-BF4B-00C04F79EFBC}") = "Contactly", "Contactly\Contactly.csproj", "{FD54A3CE-88C9-4FC1-A5DA-CBC4187F3FEB}"
EndProject
Global
	GlobalSection(SolutionConfigurationPlatforms) = preSolution
		Debug|Any CPU = Debug|Any CPU
		Release|Any CPU = Release|Any CPU
	EndGlobalSection
	GlobalSection(ProjectConfigurationPlatforms) = postSolution
		{FD54A3CE-88C9-4FC1-A5DA-CBC4187F3FEB}.Debug|Any CPU.ActiveCfg = Debug|Any CPU
		{FD54A3CE-88C9-4FC1-A5DA-CBC4187F3FEB}.Debug|Any CPU.Build.0 = Debug|Any CPU
		{FD54A3CE-88C9-4FC1-A5DA-CBC4187F3FEB}.Release|Any CPU.ActiveCfg = Release|Any CPU
		{FD54A3CE-88C9-4FC1-A5DA-CBC4187F3FEB}.Release|Any CPU.Build.0 = Release|Any CPU
	EndGlobalSection
	GlobalSection(SolutionProperties) = preSolution
		HideSolutionNode = FALSE
	EndGlobalSection
	GlobalSection(ExtensibilityGlobals) = postSolution
		SolutionGuid = {85B12B0D-2102-4753-8D96-12956009FB6F}
	EndGlobalSection
EndGlobal
